
Microsoft Visual Studio Solution File, Format Version 12.00
# Visual Studio Version 17
VisualStudioVersion = 17.5.33424.131
MinimumVisualStudioVersion = 10.0.40219.1
Project("{FAE04EC0-301F-11D3-BF4B-00C04F79EFBC}") = "Prova.3bimestre", "Prova.3bimestre\Prova.3bimestre.csproj", "{C1CE373C-0E50-4851-BCCC-3F1FF5180BEA}"
EndProject
Global
	GlobalSection(SolutionConfigurationPlatforms) = preSolution
		Debug|Any CPU = Debug|Any CPU
		Release|Any CPU = Release|Any CPU
	EndGlobalSection
	GlobalSection(ProjectConfigurationPlatforms) = postSolution
		{C1CE373C-0E50-4851-BCCC-3F1FF5180BEA}.Debug|Any CPU.ActiveCfg = Debug|Any CPU
		{C1CE373C-0E50-4851-BCCC-3F1FF5180BEA}.Debug|Any CPU.Build.0 = Debug|Any CPU
		{C1CE373C-0E50-4851-BCCC-3F1FF5180BEA}.Release|Any CPU.ActiveCfg = Release|Any CPU
		{C1CE373C-0E50-4851-BCCC-3F1FF5180BEA}.Release|Any CPU.Build.0 = Release|Any CPU
	EndGlobalSection
	GlobalSection(SolutionProperties) = preSolution
		HideSolutionNode = FALSE
	EndGlobalSection
	GlobalSection(ExtensibilityGlobals) = postSolution
		SolutionGuid = {ABD1BF32-262C-4318-991E-25C3816667A7}
	EndGlobalSection
EndGlobal
